# This file is automatically @generated by Cargo.
# It is not intended for manual editing.
version = 4

[[package]]
name = "anyhow"
version = "1.0.100"
source = "registry+https://github.com/rust-lang/crates.io-index"
checksum = "a23eb6b1614318a8071c9b2521f36b424b2c83db5eb3a0fead4a6c0809af6e61"

[[package]]
name = "autocfg"
version = "1.5.0"
source = "registry+https://github.com/rust-lang/crates.io-index"
checksum = "c08606f8c3cbf4ce6ec8e28fb0014a2c086708fe954eaa885384a6165172e7e8"

[[package]]
name = "fs-err"
version = "3.2.2"
source = "registry+https://github.com/rust-lang/crates.io-index"
checksum = "baf68cef89750956493a66a10f512b9e58d9db21f2a573c079c0bdf1207a54a7"
dependencies = [
 "autocfg",
]

[[package]]
name = "junction"
version = "1.4.1"
source = "registry+https://github.com/rust-lang/crates.io-index"
checksum = "642883fdc81cf2da15ee8183fa1d2c7da452414dd41541a0f3e1428069345447"
dependencies = [
 "scopeguard",
 "windows-sys",
]

[[package]]
name = "path_redirect"
version = "0.1.0"
dependencies = [
 "anyhow",
 "fs-err",
 "junction",
]

[[package]]
name = "scopeguard"
version = "1.2.0"
source = "registry+https://github.com/rust-lang/crates.io-index"
checksum = "94143f37725109f92c262ed2cf5e59bce7498c01bcc1502d7b9afe439a4e9f49"

[[package]]
name = "windows-link"
version = "0.2.1"
source = "registry+https://github.com/rust-lang/crates.io-index"
checksum = "f0805222e57f7521d6a62e36fa9163bc891acd422f971defe97d64e70d0a4fe5"

[[package]]
name = "windows-sys"
version = "0.61.2"
source = "registry+https://github.com/rust-lang/crates.io-index"
checksum = "ae137229bcbd6cdf0f7b80a31df61766145077ddf49416a728b02cb3921ff3fc"
dependencies = [
 "windows-link",
]
